
Microsoft Visual Studio Solution File, Format Version 12.00
# Visual Studio Version 17
VisualStudioVersion = 17.13.35931.197
MinimumVisualStudioVersion = 10.0.40219.1
Project("{FAE04EC0-301F-11D3-BF4B-00C04F79EFBC}") = "FraCry", "FraCry.csproj", "{C8B920A9-24FA-4E93-A321-5B7D35EB450A}"
EndProject
Global
	GlobalSection(SolutionConfigurationPlatforms) = preSolution
		Debug|Any CPU = Debug|Any CPU
		Release|Any CPU = Release|Any CPU
	EndGlobalSection
	GlobalSection(ProjectConfigurationPlatforms) = postSolution
		{C8B920A9-24FA-4E93-A321-5B7D35EB450A}.Debug|Any CPU.ActiveCfg = Debug|Any CPU
		{C8B920A9-24FA-4E93-A321-5B7D35EB450A}.Debug|Any CPU.Build.0 = Debug|Any CPU
		{C8B920A9-24FA-4E93-A321-5B7D35EB450A}.Release|Any CPU.ActiveCfg = Release|Any CPU
		{C8B920A9-24FA-4E93-A321-5B7D35EB450A}.Release|Any CPU.Build.0 = Release|Any CPU
	EndGlobalSection
	GlobalSection(SolutionProperties) = preSolution
		HideSolutionNode = FALSE
	EndGlobalSection
	GlobalSection(ExtensibilityGlobals) = postSolution
		SolutionGuid = {3E20422F-D407-4C3E-819E-80179249E536}
	EndGlobalSection
EndGlobal
